
Microsoft Visual Studio Solution File, Format Version 12.00
# Visual Studio 15
VisualStudioVersion = 15.0.28010.2003
MinimumVisualStudioVersion = 10.0.40219.1
Project("{FAE04EC0-301F-11D3-BF4B-00C04F79EFBC}") = "BLE.Android", "BLE\BLE.Android\BLE.Android.csproj", "{4E7B3B75-9951-418F-A51F-689371D20E2E}"
EndProject
Project("{FAE04EC0-301F-11D3-BF4B-00C04F79EFBC}") = "BLE.iOS", "BLE\BLE.iOS\BLE.iOS.csproj", "{64FB0CD3-489D-45BE-8BBA-95AC658E16FD}"
EndProject
Project("{FAE04EC0-301F-11D3-BF4B-00C04F79EFBC}") = "BLE", "BLE\BLE\BLE.csproj", "{0C52F160-37ED-4F7C-973D-DFC0B128C3F9}"
EndProject
Global
	GlobalSection(SolutionConfigurationPlatforms) = preSolution
		Ad-Hoc|Any CPU = Ad-Hoc|Any CPU
		Ad-Hoc|iPhone = Ad-Hoc|iPhone
		Ad-Hoc|iPhoneSimulator = Ad-Hoc|iPhoneSimulator
		AppStore|Any CPU = AppStore|Any CPU
		AppStore|iPhone = AppStore|iPhone
		AppStore|iPhoneSimulator = AppStore|iPhoneSimulator
		Debug|Any CPU = Debug|Any CPU
		Debug|iPhone = Debug|iPhone
		Debug|iPhoneSimulator = Debug|iPhoneSimulator
		Release|Any CPU = Release|Any CPU
		Release|iPhone = Release|iPhone
		Release|iPhoneSimulator = Release|iPhoneSimulator
	EndGlobalSection
	GlobalSection(ProjectConfigurationPlatforms) = postSolution
		{4E7B3B75-9951-418F-A51F-689371D20E2E}.Ad-Hoc|Any CPU.ActiveCfg = Release|Any CPU
		{4E7B3B75-9951-418F-A51F-689371D20E2E}.Ad-Hoc|Any CPU.Build.0 = Release|Any CPU
		{4E7B3B75-9951-418F-A51F-689371D20E2E}.Ad-Hoc|Any CPU.Deploy.0 = Release|Any CPU
		{4E7B3B75-9951-418F-A51F-689371D20E2E}.Ad-Hoc|iPhone.ActiveCfg = Release|Any CPU
		{4E7B3B75-9951-418F-A51F-689371D20E2E}.Ad-Hoc|iPhone.Build.0 = Release|Any CPU
		{4E7B3B75-9951-418F-A51F-689371D20E2E}.Ad-Hoc|iPhone.Deploy.0 = Release|Any CPU
		{4E7B3B75-9951-418F-A51F-689371D20E2E}.Ad-Hoc|iPhoneSimulator.ActiveCfg = Release|Any CPU
		{4E7B3B75-9951-418F-A51F-689371D20E2E}.Ad-Hoc|iPhoneSimulator.Build.0 = Release|Any CPU
		{4E7B3B75-9951-418F-A51F-689371D20E2E}.Ad-Hoc|iPhoneSimulator.Deploy.0 = Release|Any CPU
		{4E7B3B75-9951-418F-A51F-689371D20E2E}.AppStore|Any CPU.ActiveCfg = Release|Any CPU
		{4E7B3B75-9951-418F-A51F-689371D20E2E}.AppStore|Any CPU.Build.0 = Release|Any CPU
		{4E7B3B75-9951-418F-A51F-689371D20E2E}.AppStore|Any CPU.Deploy.0 = Release|Any CPU
		{4E7B3B75-9951-418F-A51F-689371D20E2E}.AppStore|iPhone.ActiveCfg = Release|Any CPU
		{4E7B3B75-9951-418F-A51F-689371D20E2E}.AppStore|iPhone.Build.0 = Release|Any CPU
		{4E7B3B75-9951-418F-A51F-689371D20E2E}.AppStore|iPhone.Deploy.0 = Release|Any CPU
		{4E7B3B75-9951-418F-A51F-689371D20E2E}.AppStore|iPhoneSimulator.ActiveCfg = Release|Any CPU
		{4E7B3B75-9951-418F-A51F-689371D20E2E}.AppStore|iPhoneSimulator.Build.0 = Release|Any CPU
		{4E7B3B75-9951-418F-A51F-689371D20E2E}.AppStore|iPhoneSimulator.Deploy.0 = Release|Any CPU
		{4E7B3B75-9951-418F-A51F-689371D20E2E}.Debug|Any CPU.ActiveCfg = Debug|Any CPU
		{4E7B3B75-9951-418F-A51F-689371D20E2E}.Debug|Any CPU.Build.0 = Debug|Any CPU
		{4E7B3B75-9951-418F-A51F-689371D20E2E}.Debug|Any CPU.Deploy.0 = Debug|Any CPU
		{4E7B3B75-9951-418F-A51F-689371D20E2E}.Debug|iPhone.ActiveCfg = Debug|Any CPU
		{4E7B3B75-9951-418F-A51F-689371D20E2E}.Debug|iPhone.Build.0 = Debug|Any CPU
		{4E7B3B75-9951-418F-A51F-689371D20E2E}.Debug|iPhone.Deploy.0 = Debug|Any CPU
		{4E7B3B75-9951-418F-A51F-689371D20E2E}.Debug|iPhoneSimulator.ActiveCfg = Debug|Any CPU
		{4E7B3B75-9951-418F-A51F-689371D20E2E}.Debug|iPhoneSimulator.Build.0 = Debug|Any CPU
		{4E7B3B75-9951-418F-A51F-689371D20E2E}.Debug|iPhoneSimulator.Deploy.0 = Debug|Any CPU
		{4E7B3B75-9951-418F-A51F-689371D20E2E}.Release|Any CPU.ActiveCfg = Release|Any CPU
		{4E7B3B75-9951-418F-A51F-689371D20E2E}.Release|Any CPU.Build.0 = Release|Any CPU
		{4E7B3B75-9951-418F-A51F-689371D20E2E}.Release|Any CPU.Deploy.0 = Release|Any CPU
		{4E7B3B75-9951-418F-A51F-689371D20E2E}.Release|iPhone.ActiveCfg = Release|Any CPU
		{4E7B3B75-9951-418F-A51F-689371D20E2E}.Release|iPhone.Build.0 = Release|Any CPU
		{4E7B3B75-9951-418F-A51F-689371D20E2E}.Release|iPhone.Deploy.0 = Release|Any CPU
		{4E7B3B75-9951-418F-A51F-689371D20E2E}.Release|iPhoneSimulator.ActiveCfg = Release|Any CPU
		{4E7B3B75-9951-418F-A51F-689371D20E2E}.Release|iPhoneSimulator.Build.0 = Release|Any CPU
		{4E7B3B75-9951-418F-A51F-689371D20E2E}.Release|iPhoneSimulator.Deploy.0 = Release|Any CPU
		{64FB0CD3-489D-45BE-8BBA-95AC658E16FD}.Ad-Hoc|Any CPU.ActiveCfg = Ad-Hoc|iPhone
		{64FB0CD3-489D-45BE-8BBA-95AC658E16FD}.Ad-Hoc|Any CPU.Build.0 = Ad-Hoc|iPhone
		{64FB0CD3-489D-45BE-8BBA-95AC658E16FD}.Ad-Hoc|Any CPU.Deploy.0 = Ad-Hoc|iPhone
		{64FB0CD3-489D-45BE-8BBA-95AC658E16FD}.Ad-Hoc|iPhone.ActiveCfg = Ad-Hoc|iPhone
		{64FB0CD3-489D-45BE-8BBA-95AC658E16FD}.Ad-Hoc|iPhone.Build.0 = Ad-Hoc|iPhone
		{64FB0CD3-489D-45BE-8BBA-95AC658E16FD}.Ad-Hoc|iPhone.Deploy.0 = Ad-Hoc|iPhone
		{64FB0CD3-489D-45BE-8BBA-95AC658E16FD}.Ad-Hoc|iPhoneSimulator.ActiveCfg = Ad-Hoc|iPhoneSimulator
		{64FB0CD3-489D-45BE-8BBA-95AC658E16FD}.Ad-Hoc|iPhoneSimulator.Build.0 = Ad-Hoc|iPhoneSimulator
		{64FB0CD3-489D-45BE-8BBA-95AC658E16FD}.Ad-Hoc|iPhoneSimulator.Deploy.0 = Ad-Hoc|iPhoneSimulator
		{64FB0CD3-489D-45BE-8BBA-95AC658E16FD}.AppStore|Any CPU.ActiveCfg = AppStore|iPhone
		{64FB0CD3-489D-45BE-8BBA-95AC658E16FD}.AppStore|Any CPU.Build.0 = AppStore|iPhone
		{64FB0CD3-489D-45BE-8BBA-95AC658E16FD}.AppStore|Any CPU.Deploy.0 = AppStore|iPhone
		{64FB0CD3-489D-45BE-8BBA-95AC658E16FD}.AppStore|iPhone.ActiveCfg = AppStore|iPhone
		{64FB0CD3-489D-45BE-8BBA-95AC658E16FD}.AppStore|iPhone.Build.0 = AppStore|iPhone
		{64FB0CD3-489D-45BE-8BBA-95AC658E16FD}.AppStore|iPhone.Deploy.0 = AppStore|iPhone
		{64FB0CD3-489D-45BE-8BBA-95AC658E16FD}.AppStore|iPhoneSimulator.ActiveCfg = AppStore|iPhoneSimulator
		{64FB0CD3-489D-45BE-8BBA-95AC658E16FD}.AppStore|iPhoneSimulator.Build.0 = AppStore|iPhoneSimulator
		{64FB0CD3-489D-45BE-8BBA-95AC658E16FD}.AppStore|iPhoneSimulator.Deploy.0 = AppStore|iPhoneSimulator
		{64FB0CD3-489D-45BE-8BBA-95AC658E16FD}.Debug|Any CPU.ActiveCfg = Debug|iPhoneSimulator
		{64FB0CD3-489D-45BE-8BBA-95AC658E16FD}.Debug|Any CPU.Build.0 = Debug|iPhoneSimulator
		{64FB0CD3-489D-45BE-8BBA-95AC658E16FD}.Debug|Any CPU.Deploy.0 = Debug|iPhoneSimulator
		{64FB0CD3-489D-45BE-8BBA-95AC658E16FD}.Debug|iPhone.ActiveCfg = Debug|iPhone
		{64FB0CD3-489D-45BE-8BBA-95AC658E16FD}.Debug|iPhone.Build.0 = Debug|iPhone
		{64FB0CD3-489D-45BE-8BBA-95AC658E16FD}.Debug|iPhone.Deploy.0 = Debug|iPhone
		{64FB0CD3-489D-45BE-8BBA-95AC658E16FD}.Debug|iPhoneSimulator.ActiveCfg = Debug|iPhoneSimulator
		{64FB0CD3-489D-45BE-8BBA-95AC658E16FD}.Debug|iPhoneSimulator.Build.0 = Debug|iPhoneSimulator
		{64FB0CD3-489D-45BE-8BBA-95AC658E16FD}.Debug|iPhoneSimulator.Deploy.0 = Debug|iPhoneSimulator
		{64FB0CD3-489D-45BE-8BBA-95AC658E16FD}.Release|Any CPU.ActiveCfg = Release|iPhone
		{64FB0CD3-489D-45BE-8BBA-95AC658E16FD}.Release|Any CPU.Build.0 = Release|iPhone
		{64FB0CD3-489D-45BE-8BBA-95AC658E16FD}.Release|Any CPU.Deploy.0 = Release|iPhone
		{64FB0CD3-489D-45BE-8BBA-95AC658E16FD}.Release|iPhone.ActiveCfg = Release|iPhone
		{64FB0CD3-489D-45BE-8BBA-95AC658E16FD}.Release|iPhone.Build.0 = Release|iPhone
		{64FB0CD3-489D-45BE-8BBA-95AC658E16FD}.Release|iPhone.Deploy.0 = Release|iPhone
		{64FB0CD3-489D-45BE-8BBA-95AC658E16FD}.Release|iPhoneSimulator.ActiveCfg = Release|iPhoneSimulator
		{64FB0CD3-489D-45BE-8BBA-95AC658E16FD}.Release|iPhoneSimulator.Build.0 = Release|iPhoneSimulator
		{64FB0CD3-489D-45BE-8BBA-95AC658E16FD}.Release|iPhoneSimulator.Deploy.0 = Release|iPhoneSimulator
		{0C52F160-37ED-4F7C-973D-DFC0B128C3F9}.Ad-Hoc|Any CPU.ActiveCfg = Debug|Any CPU
		{0C52F160-37ED-4F7C-973D-DFC0B128C3F9}.Ad-Hoc|Any CPU.Build.0 = Debug|Any CPU
		{0C52F160-37ED-4F7C-973D-DFC0B128C3F9}.Ad-Hoc|Any CPU.Deploy.0 = Debug|Any CPU
		{0C52F160-37ED-4F7C-973D-DFC0B128C3F9}.Ad-Hoc|iPhone.ActiveCfg = Debug|Any CPU
		{0C52F160-37ED-4F7C-973D-DFC0B128C3F9}.Ad-Hoc|iPhone.Build.0 = Debug|Any CPU
		{0C52F160-37ED-4F7C-973D-DFC0B128C3F9}.Ad-Hoc|iPhone.Deploy.0 = Debug|Any CPU
		{0C52F160-37ED-4F7C-973D-DFC0B128C3F9}.Ad-Hoc|iPhoneSimulator.ActiveCfg = Debug|Any CPU
		{0C52F160-37ED-4F7C-973D-DFC0B128C3F9}.Ad-Hoc|iPhoneSimulator.Build.0 = Debug|Any CPU
		{0C52F160-37ED-4F7C-973D-DFC0B128C3F9}.Ad-Hoc|iPhoneSimulator.Deploy.0 = Debug|Any CPU
		{0C52F160-37ED-4F7C-973D-DFC0B128C3F9}.AppStore|Any CPU.ActiveCfg = Debug|Any CPU
		{0C52F160-37ED-4F7C-973D-DFC0B128C3F9}.AppStore|Any CPU.Build.0 = Debug|Any CPU
		{0C52F160-37ED-4F7C-973D-DFC0B128C3F9}.AppStore|Any CPU.Deploy.0 = Debug|Any CPU
		{0C52F160-37ED-4F7C-973D-DFC0B128C3F9}.AppStore|iPhone.ActiveCfg = Debug|Any CPU
		{0C52F160-37ED-4F7C-973D-DFC0B128C3F9}.AppStore|iPhone.Build.0 = Debug|Any CPU
		{0C52F160-37ED-4F7C-973D-DFC0B128C3F9}.AppStore|iPhone.Deploy.0 = Debug|Any CPU
		{0C52F160-37ED-4F7C-973D-DFC0B128C3F9}.AppStore|iPhoneSimulator.ActiveCfg = Debug|Any CPU
		{0C52F160-37ED-4F7C-973D-DFC0B128C3F9}.AppStore|iPhoneSimulator.Build.0 = Debug|Any CPU
		{0C52F160-37ED-4F7C-973D-DFC0B128C3F9}.AppStore|iPhoneSimulator.Deploy.0 = Debug|Any CPU
		{0C52F160-37ED-4F7C-973D-DFC0B128C3F9}.Debug|Any CPU.ActiveCfg = Debug|Any CPU
		{0C52F160-37ED-4F7C-973D-DFC0B128C3F9}.Debug|Any CPU.Build.0 = Debug|Any CPU
		{0C52F160-37ED-4F7C-973D-DFC0B128C3F9}.Debug|Any CPU.Deploy.0 = Debug|Any CPU
		{0C52F160-37ED-4F7C-973D-DFC0B128C3F9}.Debug|iPhone.ActiveCfg = Debug|Any CPU
		{0C52F160-37ED-4F7C-973D-DFC0B128C3F9}.Debug|iPhone.Build.0 = Debug|Any CPU
		{0C52F160-37ED-4F7C-973D-DFC0B128C3F9}.Debug|iPhone.Deploy.0 = Debug|Any CPU
		{0C52F160-37ED-4F7C-973D-DFC0B128C3F9}.Debug|iPhoneSimulator.ActiveCfg = Debug|Any CPU
		{0C52F160-37ED-4F7C-973D-DFC0B128C3F9}.Debug|iPhoneSimulator.Build.0 = Debug|Any CPU
		{0C52F160-37ED-4F7C-973D-DFC0B128C3F9}.Debug|iPhoneSimulator.Deploy.0 = Debug|Any CPU
		{0C52F160-37ED-4F7C-973D-DFC0B128C3F9}.Release|Any CPU.ActiveCfg = Release|Any CPU
		{0C52F160-37ED-4F7C-973D-DFC0B128C3F9}.Release|Any CPU.Build.0 = Release|Any CPU
		{0C52F160-37ED-4F7C-973D-DFC0B128C3F9}.Release|Any CPU.Deploy.0 = Release|Any CPU
		{0C52F160-37ED-4F7C-973D-DFC0B128C3F9}.Release|iPhone.ActiveCfg = Release|Any CPU
		{0C52F160-37ED-4F7C-973D-DFC0B128C3F9}.Release|iPhone.Build.0 = Release|Any CPU
		{0C52F160-37ED-4F7C-973D-DFC0B128C3F9}.Release|iPhone.Deploy.0 = Release|Any CPU
		{0C52F160-37ED-4F7C-973D-DFC0B128C3F9}.Release|iPhoneSimulator.ActiveCfg = Release|Any CPU
		{0C52F160-37ED-4F7C-973D-DFC0B128C3F9}.Release|iPhoneSimulator.Build.0 = Release|Any CPU
		{0C52F160-37ED-4F7C-973D-DFC0B128C3F9}.Release|iPhoneSimulator.Deploy.0 = Release|Any CPU
	EndGlobalSection
	GlobalSection(SolutionProperties) = preSolution
		HideSolutionNode = FALSE
	EndGlobalSection
	GlobalSection(ExtensibilityGlobals) = postSolution
		SolutionGuid = {4E0C50B0-0FA2-4623-B75B-E1A522CD653C}
	EndGlobalSection
EndGlobal
